// !$*UTF8*$!
{
	archiveVersion = 1;
	classes = {
	};
	objectVersion = 46;
	objects = {

/* Begin PBXBuildFile section */
		DA1A39C818B8A67400067A0D /* food_label_original.gif in Resources */ = {isa = PBXBuildFile; fileRef = DA1A39C618B8A67400067A0D /* food_label_original.gif */; };
		DA1A39CB18B921A000067A0D /* food_label.gif in Resources */ = {isa = PBXBuildFile; fileRef = DA1A39CA18B921A000067A0D /* food_label.gif */; };
		DA1B278E1894880A00F9EACD /* Foundation.framework in Frameworks */ = {isa = PBXBuildFile; fileRef = DA1B278D1894880A00F9EACD /* Foundation.framework */; };
		DA1B27901894880A00F9EACD /* CoreGraphics.framework in Frameworks */ = {isa = PBXBuildFile; fileRef = DA1B278F1894880A00F9EACD /* CoreGraphics.framework */; };
		DA1B27921894880A00F9EACD /* UIKit.framework in Frameworks */ = {isa = PBXBuildFile; fileRef = DA1B27911894880A00F9EACD /* UIKit.framework */; };
		DA1B27981894880A00F9EACD /* InfoPlist.strings in Resources */ = {isa = PBXBuildFile; fileRef = DA1B27961894880A00F9EACD /* InfoPlist.strings */; };
		DA1B279A1894880A00F9EACD /* main.m in Sources */ = {isa = PBXBuildFile; fileRef = DA1B27991894880A00F9EACD /* main.m */; };
		DA1B279E1894880A00F9EACD /* AppDelegate.m in Sources */ = {isa = PBXBuildFile; fileRef = DA1B279D1894880A00F9EACD /* AppDelegate.m */; };
		DA1B27A11894880A00F9EACD /* Main_iPhone.storyboard in Resources */ = {isa = PBXBuildFile; fileRef = DA1B279F1894880A00F9EACD /* Main_iPhone.storyboard */; };
		DA1B27A41894880A00F9EACD /* Main_iPad.storyboard in Resources */ = {isa = PBXBuildFile; fileRef = DA1B27A21894880A00F9EACD /* Main_iPad.storyboard */; };
		DA1B27A71894880A00F9EACD /* MasterViewController.m in Sources */ = {isa = PBXBuildFile; fileRef = DA1B27A61894880A00F9EACD /* MasterViewController.m */; };
		DA1B27AA1894880A00F9EACD /* DetailViewController.m in Sources */ = {isa = PBXBuildFile; fileRef = DA1B27A91894880A00F9EACD /* DetailViewController.m */; };
		DA1B27B31894880A00F9EACD /* XCTest.framework in Frameworks */ = {isa = PBXBuildFile; fileRef = DA1B27B21894880A00F9EACD /* XCTest.framework */; };
		DA1B27B41894880A00F9EACD /* Foundation.framework in Frameworks */ = {isa = PBXBuildFile; fileRef = DA1B278D1894880A00F9EACD /* Foundation.framework */; };
		DA1B27B51894880A00F9EACD /* UIKit.framework in Frameworks */ = {isa = PBXBuildFile; fileRef = DA1B27911894880A00F9EACD /* UIKit.framework */; };
		DA1B27BD1894880A00F9EACD /* InfoPlist.strings in Resources */ = {isa = PBXBuildFile; fileRef = DA1B27BB1894880A00F9EACD /* InfoPlist.strings */; };
		DA1B27BF1894880A00F9EACD /* OlinDiningTests.m in Sources */ = {isa = PBXBuildFile; fileRef = DA1B27BE1894880A00F9EACD /* OlinDiningTests.m */; };
		DA1B27E71896D56300F9EACD /* FoodItem.m in Sources */ = {isa = PBXBuildFile; fileRef = DA1B27E61896D56300F9EACD /* FoodItem.m */; };
		DA1B27EA1898291B00F9EACD /* Week.m in Sources */ = {isa = PBXBuildFile; fileRef = DA1B27E91898291B00F9EACD /* Week.m */; };
		DA1B27ED18982B4500F9EACD /* Meal.m in Sources */ = {isa = PBXBuildFile; fileRef = DA1B27EC18982B4500F9EACD /* Meal.m */; };
		DA1B27F018982BB900F9EACD /* Day.m in Sources */ = {isa = PBXBuildFile; fileRef = DA1B27EF18982BB900F9EACD /* Day.m */; };
		DABB496118AC26200070D099 /* AFHTTPClient.m in Sources */ = {isa = PBXBuildFile; fileRef = DABB494F18AC26200070D099 /* AFHTTPClient.m */; };
		DABB496218AC26200070D099 /* AFHTTPRequestOperation.m in Sources */ = {isa = PBXBuildFile; fileRef = DABB495118AC26200070D099 /* AFHTTPRequestOperation.m */; };
		DABB496318AC26200070D099 /* AFImageRequestOperation.m in Sources */ = {isa = PBXBuildFile; fileRef = DABB495318AC26200070D099 /* AFImageRequestOperation.m */; };
		DABB496418AC26200070D099 /* AFJSONRequestOperation.m in Sources */ = {isa = PBXBuildFile; fileRef = DABB495518AC26200070D099 /* AFJSONRequestOperation.m */; };
		DABB496518AC26200070D099 /* AFNetworkActivityIndicatorManager.m in Sources */ = {isa = PBXBuildFile; fileRef = DABB495718AC26200070D099 /* AFNetworkActivityIndicatorManager.m */; };
		DABB496618AC26200070D099 /* AFPropertyListRequestOperation.m in Sources */ = {isa = PBXBuildFile; fileRef = DABB495A18AC26200070D099 /* AFPropertyListRequestOperation.m */; };
		DABB496718AC26200070D099 /* AFURLConnectionOperation.m in Sources */ = {isa = PBXBuildFile; fileRef = DABB495C18AC26200070D099 /* AFURLConnectionOperation.m */; };
		DABB496818AC26200070D099 /* AFXMLRequestOperation.m in Sources */ = {isa = PBXBuildFile; fileRef = DABB495E18AC26200070D099 /* AFXMLRequestOperation.m */; };
		DABB496918AC26200070D099 /* UIImageView+AFNetworking.m in Sources */ = {isa = PBXBuildFile; fileRef = DABB496018AC26200070D099 /* UIImageView+AFNetworking.m */; };
		DABB496C18AFFCA10070D099 /* DayViewController.m in Sources */ = {isa = PBXBuildFile; fileRef = DABB496B18AFFCA10070D099 /* DayViewController.m */; };
		DABB496F18B194850070D099 /* MealViewController.m in Sources */ = {isa = PBXBuildFile; fileRef = DABB496E18B194850070D099 /* MealViewController.m */; };
		DABB497718B1ADE60070D099 /* libGoogleAnalyticsServices.a in Frameworks */ = {isa = PBXBuildFile; fileRef = DABB497618B1ADE60070D099 /* libGoogleAnalyticsServices.a */; };
		DABB497918B1AEDB0070D099 /* AdSupport.framework in Frameworks */ = {isa = PBXBuildFile; fileRef = DABB497818B1AEDB0070D099 /* AdSupport.framework */; };
		DABB497B18B1AEE70070D099 /* CoreData.framework in Frameworks */ = {isa = PBXBuildFile; fileRef = DABB497A18B1AEE70070D099 /* CoreData.framework */; };
		DABB497D18B1AEF70070D099 /* SystemConfiguration.framework in Frameworks */ = {isa = PBXBuildFile; fileRef = DABB497C18B1AEF70070D099 /* SystemConfiguration.framework */; };
		DABB497F18B1AF240070D099 /* libz.dylib in Frameworks */ = {isa = PBXBuildFile; fileRef = DABB497E18B1AF240070D099 /* libz.dylib */; };
		DABB498118B529280070D099 /* Images.xcassets in Resources */ = {isa = PBXBuildFile; fileRef = DABB498018B529280070D099 /* Images.xcassets */; };
/* End PBXBuildFile section */

/* Begin PBXContainerItemProxy section */
		DA1B27B61894880A00F9EACD /* PBXContainerItemProxy */ = {
			isa = PBXContainerItemProxy;
			containerPortal = DA1B27821894880900F9EACD /* Project object */;
			proxyType = 1;
			remoteGlobalIDString = DA1B27891894880900F9EACD;
			remoteInfo = OlinDining;
		};
/* End PBXContainerItemProxy section */

/* Begin PBXFileReference section */
		DA1A39C618B8A67400067A0D /* food_label_original.gif */ = {isa = PBXFileReference; lastKnownFileType = image.gif; name = food_label_original.gif; path = images/food_label_original.gif; sourceTree = SOURCE_ROOT; };
		DA1A39CA18B921A000067A0D /* food_label.gif */ = {isa = PBXFileReference; lastKnownFileType = image.gif; name = food_label.gif; path = images/food_label.gif; sourceTree = SOURCE_ROOT; };
		DA1B278A1894880900F9EACD /* OlinDining.app */ = {isa = PBXFileReference; explicitFileType = wrapper.application; includeInIndex = 0; path = OlinDining.app; sourceTree = BUILT_PRODUCTS_DIR; };
		DA1B278D1894880A00F9EACD /* Foundation.framework */ = {isa = PBXFileReference; lastKnownFileType = wrapper.framework; name = Foundation.framework; path = System/Library/Frameworks/Foundation.framework; sourceTree = SDKROOT; };
		DA1B278F1894880A00F9EACD /* CoreGraphics.framework */ = {isa = PBXFileReference; lastKnownFileType = wrapper.framework; name = CoreGraphics.framework; path = System/Library/Frameworks/CoreGraphics.framework; sourceTree = SDKROOT; };
		DA1B27911894880A00F9EACD /* UIKit.framework */ = {isa = PBXFileReference; lastKnownFileType = wrapper.framework; name = UIKit.framework; path = System/Library/Frameworks/UIKit.framework; sourceTree = SDKROOT; };
		DA1B27951894880A00F9EACD /* OlinDining-Info.plist */ = {isa = PBXFileReference; lastKnownFileType = text.plist.xml; path = "OlinDining-Info.plist"; sourceTree = "<group>"; };
		DA1B27971894880A00F9EACD /* en */ = {isa = PBXFileReference; lastKnownFileType = text.plist.strings; name = en; path = en.lproj/InfoPlist.strings; sourceTree = "<group>"; };
		DA1B27991894880A00F9EACD /* main.m */ = {isa = PBXFileReference; lastKnownFileType = sourcecode.c.objc; path = main.m; sourceTree = "<group>"; };
		DA1B279B1894880A00F9EACD /* OlinDining-Prefix.pch */ = {isa = PBXFileReference; lastKnownFileType = sourcecode.c.h; path = "OlinDining-Prefix.pch"; sourceTree = "<group>"; };
		DA1B279C1894880A00F9EACD /* AppDelegate.h */ = {isa = PBXFileReference; lastKnownFileType = sourcecode.c.h; path = AppDelegate.h; sourceTree = "<group>"; };
		DA1B279D1894880A00F9EACD /* AppDelegate.m */ = {isa = PBXFileReference; lastKnownFileType = sourcecode.c.objc; path = AppDelegate.m; sourceTree = "<group>"; };
		DA1B27A01894880A00F9EACD /* Base */ = {isa = PBXFileReference; lastKnownFileType = file.storyboard; name = Base; path = Base.lproj/Main_iPhone.storyboard; sourceTree = "<group>"; };
		DA1B27A31894880A00F9EACD /* Base */ = {isa = PBXFileReference; lastKnownFileType = file.storyboard; name = Base; path = Base.lproj/Main_iPad.storyboard; sourceTree = "<group>"; };
		DA1B27A51894880A00F9EACD /* MasterViewController.h */ = {isa = PBXFileReference; lastKnownFileType = sourcecode.c.h; path = MasterViewController.h; sourceTree = "<group>"; };
		DA1B27A61894880A00F9EACD /* MasterViewController.m */ = {isa = PBXFileReference; lastKnownFileType = sourcecode.c.objc; path = MasterViewController.m; sourceTree = "<group>"; };
		DA1B27A81894880A00F9EACD /* DetailViewController.h */ = {isa = PBXFileReference; lastKnownFileType = sourcecode.c.h; path = DetailViewController.h; sourceTree = "<group>"; };
		DA1B27A91894880A00F9EACD /* DetailViewController.m */ = {isa = PBXFileReference; lastKnownFileType = sourcecode.c.objc; path = DetailViewController.m; sourceTree = "<group>"; };
		DA1B27B11894880A00F9EACD /* OlinDiningTests.xctest */ = {isa = PBXFileReference; explicitFileType = wrapper.cfbundle; includeInIndex = 0; path = OlinDiningTests.xctest; sourceTree = BUILT_PRODUCTS_DIR; };
		DA1B27B21894880A00F9EACD /* XCTest.framework */ = {isa = PBXFileReference; lastKnownFileType = wrapper.framework; name = XCTest.framework; path = Library/Frameworks/XCTest.framework; sourceTree = DEVELOPER_DIR; };
		DA1B27BA1894880A00F9EACD /* OlinDiningTests-Info.plist */ = {isa = PBXFileReference; lastKnownFileType = text.plist.xml; path = "OlinDiningTests-Info.plist"; sourceTree = "<group>"; };
		DA1B27BC1894880A00F9EACD /* en */ = {isa = PBXFileReference; lastKnownFileType = text.plist.strings; name = en; path = en.lproj/InfoPlist.strings; sourceTree = "<group>"; };
		DA1B27BE1894880A00F9EACD /* OlinDiningTests.m */ = {isa = PBXFileReference; lastKnownFileType = sourcecode.c.objc; path = OlinDiningTests.m; sourceTree = "<group>"; };
		DA1B27E51896D56300F9EACD /* FoodItem.h */ = {isa = PBXFileReference; fileEncoding = 4; lastKnownFileType = sourcecode.c.h; path = FoodItem.h; sourceTree = "<group>"; };
		DA1B27E61896D56300F9EACD /* FoodItem.m */ = {isa = PBXFileReference; fileEncoding = 4; lastKnownFileType = sourcecode.c.objc; path = FoodItem.m; sourceTree = "<group>"; };
		DA1B27E81898291B00F9EACD /* Week.h */ = {isa = PBXFileReference; fileEncoding = 4; lastKnownFileType = sourcecode.c.h; path = Week.h; sourceTree = "<group>"; };
		DA1B27E91898291B00F9EACD /* Week.m */ = {isa = PBXFileReference; fileEncoding = 4; lastKnownFileType = sourcecode.c.objc; path = Week.m; sourceTree = "<group>"; };
		DA1B27EB18982B4500F9EACD /* Meal.h */ = {isa = PBXFileReference; fileEncoding = 4; lastKnownFileType = sourcecode.c.h; path = Meal.h; sourceTree = "<group>"; };
		DA1B27EC18982B4500F9EACD /* Meal.m */ = {isa = PBXFileReference; fileEncoding = 4; lastKnownFileType = sourcecode.c.objc; path = Meal.m; sourceTree = "<group>"; };
		DA1B27EE18982BB900F9EACD /* Day.h */ = {isa = PBXFileReference; fileEncoding = 4; lastKnownFileType = sourcecode.c.h; path = Day.h; sourceTree = "<group>"; };
		DA1B27EF18982BB900F9EACD /* Day.m */ = {isa = PBXFileReference; fileEncoding = 4; lastKnownFileType = sourcecode.c.objc; path = Day.m; sourceTree = "<group>"; };
		DABB494E18AC26200070D099 /* AFHTTPClient.h */ = {isa = PBXFileReference; fileEncoding = 4; lastKnownFileType = sourcecode.c.h; path = AFHTTPClient.h; sourceTree = "<group>"; };
		DABB494F18AC26200070D099 /* AFHTTPClient.m */ = {isa = PBXFileReference; fileEncoding = 4; lastKnownFileType = sourcecode.c.objc; path = AFHTTPClient.m; sourceTree = "<group>"; };
		DABB495018AC26200070D099 /* AFHTTPRequestOperation.h */ = {isa = PBXFileReference; fileEncoding = 4; lastKnownFileType = sourcecode.c.h; path = AFHTTPRequestOperation.h; sourceTree = "<group>"; };
		DABB495118AC26200070D099 /* AFHTTPRequestOperation.m */ = {isa = PBXFileReference; fileEncoding = 4; lastKnownFileType = sourcecode.c.objc; path = AFHTTPRequestOperation.m; sourceTree = "<group>"; };
		DABB495218AC26200070D099 /* AFImageRequestOperation.h */ = {isa = PBXFileReference; fileEncoding = 4; lastKnownFileType = sourcecode.c.h; path = AFImageRequestOperation.h; sourceTree = "<group>"; };
		DABB495318AC26200070D099 /* AFImageRequestOperation.m */ = {isa = PBXFileReference; fileEncoding = 4; lastKnownFileType = sourcecode.c.objc; path = AFImageRequestOperation.m; sourceTree = "<group>"; };
		DABB495418AC26200070D099 /* AFJSONRequestOperation.h */ = {isa = PBXFileReference; fileEncoding = 4; lastKnownFileType = sourcecode.c.h; path = AFJSONRequestOperation.h; sourceTree = "<group>"; };
		DABB495518AC26200070D099 /* AFJSONRequestOperation.m */ = {isa = PBXFileReference; fileEncoding = 4; lastKnownFileType = sourcecode.c.objc; path = AFJSONRequestOperation.m; sourceTree = "<group>"; };
		DABB495618AC26200070D099 /* AFNetworkActivityIndicatorManager.h */ = {isa = PBXFileReference; fileEncoding = 4; lastKnownFileType = sourcecode.c.h; path = AFNetworkActivityIndicatorManager.h; sourceTree = "<group>"; };
		DABB495718AC26200070D099 /* AFNetworkActivityIndicatorManager.m */ = {isa = PBXFileReference; fileEncoding = 4; lastKnownFileType = sourcecode.c.objc; path = AFNetworkActivityIndicatorManager.m; sourceTree = "<group>"; };
		DABB495818AC26200070D099 /* AFNetworking.h */ = {isa = PBXFileReference; fileEncoding = 4; lastKnownFileType = sourcecode.c.h; path = AFNetworking.h; sourceTree = "<group>"; };
		DABB495918AC26200070D099 /* AFPropertyListRequestOperation.h */ = {isa = PBXFileReference; fileEncoding = 4; lastKnownFileType = sourcecode.c.h; path = AFPropertyListRequestOperation.h; sourceTree = "<group>"; };
		DABB495A18AC26200070D099 /* AFPropertyListRequestOperation.m */ = {isa = PBXFileReference; fileEncoding = 4; lastKnownFileType = sourcecode.c.objc; path = AFPropertyListRequestOperation.m; sourceTree = "<group>"; };
		DABB495B18AC26200070D099 /* AFURLConnectionOperation.h */ = {isa = PBXFileReference; fileEncoding = 4; lastKnownFileType = sourcecode.c.h; path = AFURLConnectionOperation.h; sourceTree = "<group>"; };
		DABB495C18AC26200070D099 /* AFURLConnectionOperation.m */ = {isa = PBXFileReference; fileEncoding = 4; lastKnownFileType = sourcecode.c.objc; path = AFURLConnectionOperation.m; sourceTree = "<group>"; };
		DABB495D18AC26200070D099 /* AFXMLRequestOperation.h */ = {isa = PBXFileReference; fileEncoding = 4; lastKnownFileType = sourcecode.c.h; path = AFXMLRequestOperation.h; sourceTree = "<group>"; };
		DABB495E18AC26200070D099 /* AFXMLRequestOperation.m */ = {isa = PBXFileReference; fileEncoding = 4; lastKnownFileType = sourcecode.c.objc; path = AFXMLRequestOperation.m; sourceTree = "<group>"; };
		DABB495F18AC26200070D099 /* UIImageView+AFNetworking.h */ = {isa = PBXFileReference; fileEncoding = 4; lastKnownFileType = sourcecode.c.h; path = "UIImageView+AFNetworking.h"; sourceTree = "<group>"; };
		DABB496018AC26200070D099 /* UIImageView+AFNetworking.m */ = {isa = PBXFileReference; fileEncoding = 4; lastKnownFileType = sourcecode.c.objc; path = "UIImageView+AFNetworking.m"; sourceTree = "<group>"; };
		DABB496A18AFFCA10070D099 /* DayViewController.h */ = {isa = PBXFileReference; fileEncoding = 4; lastKnownFileType = sourcecode.c.h; path = DayViewController.h; sourceTree = "<group>"; };
		DABB496B18AFFCA10070D099 /* DayViewController.m */ = {isa = PBXFileReference; fileEncoding = 4; lastKnownFileType = sourcecode.c.objc; path = DayViewController.m; sourceTree = "<group>"; };
		DABB496D18B194850070D099 /* MealViewController.h */ = {isa = PBXFileReference; fileEncoding = 4; lastKnownFileType = sourcecode.c.h; path = MealViewController.h; sourceTree = "<group>"; };
		DABB496E18B194850070D099 /* MealViewController.m */ = {isa = PBXFileReference; fileEncoding = 4; lastKnownFileType = sourcecode.c.objc; path = MealViewController.m; sourceTree = "<group>"; };
		DABB497018B1ADDB0070D099 /* GAI.h */ = {isa = PBXFileReference; fileEncoding = 4; lastKnownFileType = sourcecode.c.h; name = GAI.h; path = "../95theses/google analytics/GoogleAnalytics/Library/GAI.h"; sourceTree = "<group>"; };
		DABB497118B1ADDB0070D099 /* GAIDictionaryBuilder.h */ = {isa = PBXFileReference; fileEncoding = 4; lastKnownFileType = sourcecode.c.h; name = GAIDictionaryBuilder.h; path = "../95theses/google analytics/GoogleAnalytics/Library/GAIDictionaryBuilder.h"; sourceTree = "<group>"; };
		DABB497218B1ADDB0070D099 /* GAIFields.h */ = {isa = PBXFileReference; fileEncoding = 4; lastKnownFileType = sourcecode.c.h; name = GAIFields.h; path = "../95theses/google analytics/GoogleAnalytics/Library/GAIFields.h"; sourceTree = "<group>"; };
		DABB497318B1ADDB0070D099 /* GAILogger.h */ = {isa = PBXFileReference; fileEncoding = 4; lastKnownFileType = sourcecode.c.h; name = GAILogger.h; path = "../95theses/google analytics/GoogleAnalytics/Library/GAILogger.h"; sourceTree = "<group>"; };
		DABB497418B1ADDB0070D099 /* GAITrackedViewController.h */ = {isa = PBXFileReference; fileEncoding = 4; lastKnownFileType = sourcecode.c.h; name = GAITrackedViewController.h; path = "../95theses/google analytics/GoogleAnalytics/Library/GAITrackedViewController.h"; sourceTree = "<group>"; };
		DABB497518B1ADDB0070D099 /* GAITracker.h */ = {isa = PBXFileReference; fileEncoding = 4; lastKnownFileType = sourcecode.c.h; name = GAITracker.h; path = "../95theses/google analytics/GoogleAnalytics/Library/GAITracker.h"; sourceTree = "<group>"; };
		DABB497618B1ADE60070D099 /* libGoogleAnalyticsServices.a */ = {isa = PBXFileReference; lastKnownFileType = archive.ar; name = libGoogleAnalyticsServices.a; path = "../95theses/google analytics/libGoogleAnalyticsServices.a"; sourceTree = "<group>"; };
		DABB497818B1AEDB0070D099 /* AdSupport.framework */ = {isa = PBXFileReference; lastKnownFileType = wrapper.framework; name = AdSupport.framework; path = System/Library/Frameworks/AdSupport.framework; sourceTree = SDKROOT; };
		DABB497A18B1AEE70070D099 /* CoreData.framework */ = {isa = PBXFileReference; lastKnownFileType = wrapper.framework; name = CoreData.framework; path = System/Library/Frameworks/CoreData.framework; sourceTree = SDKROOT; };
		DABB497C18B1AEF70070D099 /* SystemConfiguration.framework */ = {isa = PBXFileReference; lastKnownFileType = wrapper.framework; name = SystemConfiguration.framework; path = System/Library/Frameworks/SystemConfiguration.framework; sourceTree = SDKROOT; };
		DABB497E18B1AF240070D099 /* libz.dylib */ = {isa = PBXFileReference; lastKnownFileType = "compiled.mach-o.dylib"; name = libz.dylib; path = usr/lib/libz.dylib; sourceTree = SDKROOT; };
		DABB498018B529280070D099 /* Images.xcassets */ = {isa = PBXFileReference; lastKnownFileType = folder.assetcatalog; path = Images.xcassets; sourceTree = "<group>"; };
/* End PBXFileReference section */

/* Begin PBXFrameworksBuildPhase section */
		DA1B27871894880900F9EACD /* Frameworks */ = {
			isa = PBXFrameworksBuildPhase;
			buildActionMask = 2147483647;
			files = (
				DABB497F18B1AF240070D099 /* libz.dylib in Frameworks */,
				DABB497D18B1AEF70070D099 /* SystemConfiguration.framework in Frameworks */,
				DABB497B18B1AEE70070D099 /* CoreData.framework in Frameworks */,
				DABB497918B1AEDB0070D099 /* AdSupport.framework in Frameworks */,
				DA1B27901894880A00F9EACD /* CoreGraphics.framework in Frameworks */,
				DA1B27921894880A00F9EACD /* UIKit.framework in Frameworks */,
				DA1B278E1894880A00F9EACD /* Foundation.framework in Frameworks */,
				DABB497718B1ADE60070D099 /* libGoogleAnalyticsServices.a in Frameworks */,
			);
			runOnlyForDeploymentPostprocessing = 0;
		};
		DA1B27AE1894880A00F9EACD /* Frameworks */ = {
			isa = PBXFrameworksBuildPhase;
			buildActionMask = 2147483647;
			files = (
				DA1B27B31894880A00F9EACD /* XCTest.framework in Frameworks */,
				DA1B27B51894880A00F9EACD /* UIKit.framework in Frameworks */,
				DA1B27B41894880A00F9EACD /* Foundation.framework in Frameworks */,
			);
			runOnlyForDeploymentPostprocessing = 0;
		};
/* End PBXFrameworksBuildPhase section */

/* Begin PBXGroup section */
		DA1B27811894880900F9EACD = {
			isa = PBXGroup;
			children = (
				DA1B27931894880A00F9EACD /* OlinDining */,
				DA1B27B81894880A00F9EACD /* OlinDiningTests */,
				DA1B278C1894880900F9EACD /* Frameworks */,
				DA1B278B1894880900F9EACD /* Products */,
				DABB494D18AC26200070D099 /* AFNetworking */,
			);
			sourceTree = "<group>";
		};
		DA1B278B1894880900F9EACD /* Products */ = {
			isa = PBXGroup;
			children = (
				DA1B278A1894880900F9EACD /* OlinDining.app */,
				DA1B27B11894880A00F9EACD /* OlinDiningTests.xctest */,
			);
			name = Products;
			sourceTree = "<group>";
		};
		DA1B278C1894880900F9EACD /* Frameworks */ = {
			isa = PBXGroup;
			children = (
				DABB497E18B1AF240070D099 /* libz.dylib */,
				DABB497C18B1AEF70070D099 /* SystemConfiguration.framework */,
				DABB497A18B1AEE70070D099 /* CoreData.framework */,
				DABB497818B1AEDB0070D099 /* AdSupport.framework */,
				DABB497618B1ADE60070D099 /* libGoogleAnalyticsServices.a */,
				DABB497018B1ADDB0070D099 /* GAI.h */,
				DABB497118B1ADDB0070D099 /* GAIDictionaryBuilder.h */,
				DABB497218B1ADDB0070D099 /* GAIFields.h */,
				DABB497318B1ADDB0070D099 /* GAILogger.h */,
				DABB497418B1ADDB0070D099 /* GAITrackedViewController.h */,
				DABB497518B1ADDB0070D099 /* GAITracker.h */,
				DA1B278D1894880A00F9EACD /* Foundation.framework */,
				DA1B278F1894880A00F9EACD /* CoreGraphics.framework */,
				DA1B27911894880A00F9EACD /* UIKit.framework */,
				DA1B27B21894880A00F9EACD /* XCTest.framework */,
			);
			name = Frameworks;
			sourceTree = "<group>";
		};
		DA1B27931894880A00F9EACD /* OlinDining */ = {
			isa = PBXGroup;
			children = (
				DABB498018B529280070D099 /* Images.xcassets */,
				DA1B279C1894880A00F9EACD /* AppDelegate.h */,
				DA1B279D1894880A00F9EACD /* AppDelegate.m */,
				DA1B279F1894880A00F9EACD /* Main_iPhone.storyboard */,
				DA1B27A21894880A00F9EACD /* Main_iPad.storyboard */,
				DA1B27A51894880A00F9EACD /* MasterViewController.h */,
				DA1B27A61894880A00F9EACD /* MasterViewController.m */,
				DABB496A18AFFCA10070D099 /* DayViewController.h */,
				DABB496B18AFFCA10070D099 /* DayViewController.m */,
				DABB496D18B194850070D099 /* MealViewController.h */,
				DABB496E18B194850070D099 /* MealViewController.m */,
				DA1B27A81894880A00F9EACD /* DetailViewController.h */,
				DA1B27A91894880A00F9EACD /* DetailViewController.m */,
				DA1B27E81898291B00F9EACD /* Week.h */,
				DA1B27E91898291B00F9EACD /* Week.m */,
				DA1B27EE18982BB900F9EACD /* Day.h */,
				DA1B27EF18982BB900F9EACD /* Day.m */,
				DA1B27EB18982B4500F9EACD /* Meal.h */,
				DA1B27EC18982B4500F9EACD /* Meal.m */,
				DA1B27E51896D56300F9EACD /* FoodItem.h */,
				DA1B27E61896D56300F9EACD /* FoodItem.m */,
				DA1A39CA18B921A000067A0D /* food_label.gif */,
				DA1A39C618B8A67400067A0D /* food_label_original.gif */,
				DA1B27941894880A00F9EACD /* Supporting Files */,
			);
			path = OlinDining;
			sourceTree = "<group>";
		};
		DA1B27941894880A00F9EACD /* Supporting Files */ = {
			isa = PBXGroup;
			children = (
				DA1B27951894880A00F9EACD /* OlinDining-Info.plist */,
				DA1B27961894880A00F9EACD /* InfoPlist.strings */,
				DA1B27991894880A00F9EACD /* main.m */,
				DA1B279B1894880A00F9EACD /* OlinDining-Prefix.pch */,
			);
			name = "Supporting Files";
			sourceTree = "<group>";
		};
		DA1B27B81894880A00F9EACD /* OlinDiningTests */ = {
			isa = PBXGroup;
			children = (
				DA1B27BE1894880A00F9EACD /* OlinDiningTests.m */,
				DA1B27B91894880A00F9EACD /* Supporting Files */,
			);
			path = OlinDiningTests;
			sourceTree = "<group>";
		};
		DA1B27B91894880A00F9EACD /* Supporting Files */ = {
			isa = PBXGroup;
			children = (
				DA1B27BA1894880A00F9EACD /* OlinDiningTests-Info.plist */,
				DA1B27BB1894880A00F9EACD /* InfoPlist.strings */,
			);
			name = "Supporting Files";
			sourceTree = "<group>";
		};
		DABB494D18AC26200070D099 /* AFNetworking */ = {
			isa = PBXGroup;
			children = (
				DABB494E18AC26200070D099 /* AFHTTPClient.h */,
				DABB494F18AC26200070D099 /* AFHTTPClient.m */,
				DABB495018AC26200070D099 /* AFHTTPRequestOperation.h */,
				DABB495118AC26200070D099 /* AFHTTPRequestOperation.m */,
				DABB495218AC26200070D099 /* AFImageRequestOperation.h */,
				DABB495318AC26200070D099 /* AFImageRequestOperation.m */,
				DABB495418AC26200070D099 /* AFJSONRequestOperation.h */,
				DABB495518AC26200070D099 /* AFJSONRequestOperation.m */,
				DABB495618AC26200070D099 /* AFNetworkActivityIndicatorManager.h */,
				DABB495718AC26200070D099 /* AFNetworkActivityIndicatorManager.m */,
				DABB495818AC26200070D099 /* AFNetworking.h */,
				DABB495918AC26200070D099 /* AFPropertyListRequestOperation.h */,
				DABB495A18AC26200070D099 /* AFPropertyListRequestOperation.m */,
				DABB495B18AC26200070D099 /* AFURLConnectionOperation.h */,
				DABB495C18AC26200070D099 /* AFURLConnectionOperation.m */,
				DABB495D18AC26200070D099 /* AFXMLRequestOperation.h */,
				DABB495E18AC26200070D099 /* AFXMLRequestOperation.m */,
				DABB495F18AC26200070D099 /* UIImageView+AFNetworking.h */,
				DABB496018AC26200070D099 /* UIImageView+AFNetworking.m */,
			);
			path = AFNetworking;
			sourceTree = "<group>";
		};
/* End PBXGroup section */

/* Begin PBXNativeTarget section */
		DA1B27891894880900F9EACD /* OlinDining */ = {
			isa = PBXNativeTarget;
			buildConfigurationList = DA1B27C21894880A00F9EACD /* Build configuration list for PBXNativeTarget "OlinDining" */;
			buildPhases = (
				DA1B27861894880900F9EACD /* Sources */,
				DA1B27871894880900F9EACD /* Frameworks */,
				DA1B27881894880900F9EACD /* Resources */,
			);
			buildRules = (
			);
			dependencies = (
			);
			name = OlinDining;
			productName = OlinDining;
			productReference = DA1B278A1894880900F9EACD /* OlinDining.app */;
			productType = "com.apple.product-type.application";
		};
		DA1B27B01894880A00F9EACD /* OlinDiningTests */ = {
			isa = PBXNativeTarget;
			buildConfigurationList = DA1B27C51894880A00F9EACD /* Build configuration list for PBXNativeTarget "OlinDiningTests" */;
			buildPhases = (
				DA1B27AD1894880A00F9EACD /* Sources */,
				DA1B27AE1894880A00F9EACD /* Frameworks */,
				DA1B27AF1894880A00F9EACD /* Resources */,
			);
			buildRules = (
			);
			dependencies = (
				DA1B27B71894880A00F9EACD /* PBXTargetDependency */,
			);
			name = OlinDiningTests;
			productName = OlinDiningTests;
			productReference = DA1B27B11894880A00F9EACD /* OlinDiningTests.xctest */;
			productType = "com.apple.product-type.bundle.unit-test";
		};
/* End PBXNativeTarget section */

/* Begin PBXProject section */
		DA1B27821894880900F9EACD /* Project object */ = {
			isa = PBXProject;
			attributes = {
				LastUpgradeCheck = 0500;
				ORGANIZATIONNAME = "Thomas Nattestad";
				TargetAttributes = {
					DA1B27891894880900F9EACD = {
						DevelopmentTeam = 97Z5KLX4T8;
					};
					DA1B27B01894880A00F9EACD = {
						TestTargetID = DA1B27891894880900F9EACD;
					};
				};
			};
			buildConfigurationList = DA1B27851894880900F9EACD /* Build configuration list for PBXProject "OlinDining" */;
			compatibilityVersion = "Xcode 3.2";
			developmentRegion = English;
			hasScannedForEncodings = 0;
			knownRegions = (
				en,
				Base,
			);
			mainGroup = DA1B27811894880900F9EACD;
			productRefGroup = DA1B278B1894880900F9EACD /* Products */;
			projectDirPath = "";
			projectRoot = "";
			targets = (
				DA1B27891894880900F9EACD /* OlinDining */,
				DA1B27B01894880A00F9EACD /* OlinDiningTests */,
			);
		};
/* End PBXProject section */

/* Begin PBXResourcesBuildPhase section */
		DA1B27881894880900F9EACD /* Resources */ = {
			isa = PBXResourcesBuildPhase;
			buildActionMask = 2147483647;
			files = (
				DA1A39C818B8A67400067A0D /* food_label_original.gif in Resources */,
				DA1B27A41894880A00F9EACD /* Main_iPad.storyboard in Resources */,
				DABB498118B529280070D099 /* Images.xcassets in Resources */,
				DA1A39CB18B921A000067A0D /* food_label.gif in Resources */,
				DA1B27A11894880A00F9EACD /* Main_iPhone.storyboard in Resources */,
				DA1B27981894880A00F9EACD /* InfoPlist.strings in Resources */,
			);
			runOnlyForDeploymentPostprocessing = 0;
		};
		DA1B27AF1894880A00F9EACD /* Resources */ = {
			isa = PBXResourcesBuildPhase;
			buildActionMask = 2147483647;
			files = (
				DA1B27BD1894880A00F9EACD /* InfoPlist.strings in Resources */,
			);
			runOnlyForDeploymentPostprocessing = 0;
		};
/* End PBXResourcesBuildPhase section */

/* Begin PBXSourcesBuildPhase section */
		DA1B27861894880900F9EACD /* Sources */ = {
			isa = PBXSourcesBuildPhase;
			buildActionMask = 2147483647;
			files = (
				DA1B27ED18982B4500F9EACD /* Meal.m in Sources */,
				DABB496918AC26200070D099 /* UIImageView+AFNetworking.m in Sources */,
				DA1B27F018982BB900F9EACD /* Day.m in Sources */,
				DABB496418AC26200070D099 /* AFJSONRequestOperation.m in Sources */,
				DABB496218AC26200070D099 /* AFHTTPRequestOperation.m in Sources */,
				DABB496F18B194850070D099 /* MealViewController.m in Sources */,
				DABB496818AC26200070D099 /* AFXMLRequestOperation.m in Sources */,
				DABB496718AC26200070D099 /* AFURLConnectionOperation.m in Sources */,
				DABB496318AC26200070D099 /* AFImageRequestOperation.m in Sources */,
				DABB496118AC26200070D099 /* AFHTTPClient.m in Sources */,
				DA1B279E1894880A00F9EACD /* AppDelegate.m in Sources */,
				DA1B27A71894880A00F9EACD /* MasterViewController.m in Sources */,
				DABB496618AC26200070D099 /* AFPropertyListRequestOperation.m in Sources */,
				DA1B27E71896D56300F9EACD /* FoodItem.m in Sources */,
				DABB496518AC26200070D099 /* AFNetworkActivityIndicatorManager.m in Sources */,
				DA1B279A1894880A00F9EACD /* main.m in Sources */,
				DABB496C18AFFCA10070D099 /* DayViewController.m in Sources */,
				DA1B27EA1898291B00F9EACD /* Week.m in Sources */,
				DA1B27AA1894880A00F9EACD /* DetailViewController.m in Sources */,
			);
			runOnlyForDeploymentPostprocessing = 0;
		};
		DA1B27AD1894880A00F9EACD /* Sources */ = {
			isa = PBXSourcesBuildPhase;
			buildActionMask = 2147483647;
			files = (
				DA1B27BF1894880A00F9EACD /* OlinDiningTests.m in Sources */,
			);
			runOnlyForDeploymentPostprocessing = 0;
		};
/* End PBXSourcesBuildPhase section */

/* Begin PBXTargetDependency section */
		DA1B27B71894880A00F9EACD /* PBXTargetDependency */ = {
			isa = PBXTargetDependency;
			target = DA1B27891894880900F9EACD /* OlinDining */;
			targetProxy = DA1B27B61894880A00F9EACD /* PBXContainerItemProxy */;
		};
/* End PBXTargetDependency section */

/* Begin PBXVariantGroup section */
		DA1B27961894880A00F9EACD /* InfoPlist.strings */ = {
			isa = PBXVariantGroup;
			children = (
				DA1B27971894880A00F9EACD /* en */,
			);
			name = InfoPlist.strings;
			sourceTree = "<group>";
		};
		DA1B279F1894880A00F9EACD /* Main_iPhone.storyboard */ = {
			isa = PBXVariantGroup;
			children = (
				DA1B27A01894880A00F9EACD /* Base */,
			);
			name = Main_iPhone.storyboard;
			sourceTree = "<group>";
		};
		DA1B27A21894880A00F9EACD /* Main_iPad.storyboard */ = {
			isa = PBXVariantGroup;
			children = (
				DA1B27A31894880A00F9EACD /* Base */,
			);
			name = Main_iPad.storyboard;
			sourceTree = "<group>";
		};
		DA1B27BB1894880A00F9EACD /* InfoPlist.strings */ = {
			isa = PBXVariantGroup;
			children = (
				DA1B27BC1894880A00F9EACD /* en */,
			);
			name = InfoPlist.strings;
			sourceTree = "<group>";
		};
/* End PBXVariantGroup section */

/* Begin XCBuildConfiguration section */
		DA1B27C01894880A00F9EACD /* Debug */ = {
			isa = XCBuildConfiguration;
			buildSettings = {
				ALWAYS_SEARCH_USER_PATHS = NO;
				ARCHS = "$(ARCHS_STANDARD_INCLUDING_64_BIT)";
				CLANG_CXX_LANGUAGE_STANDARD = "gnu++0x";
				CLANG_CXX_LIBRARY = "libc++";
				CLANG_ENABLE_MODULES = YES;
				CLANG_ENABLE_OBJC_ARC = YES;
				CLANG_WARN_BOOL_CONVERSION = YES;
				CLANG_WARN_CONSTANT_CONVERSION = YES;
				CLANG_WARN_DIRECT_OBJC_ISA_USAGE = YES_ERROR;
				CLANG_WARN_EMPTY_BODY = YES;
				CLANG_WARN_ENUM_CONVERSION = YES;
				CLANG_WARN_INT_CONVERSION = YES;
				CLANG_WARN_OBJC_ROOT_CLASS = YES_ERROR;
				CLANG_WARN__DUPLICATE_METHOD_MATCH = YES;
				"CODE_SIGN_IDENTITY[sdk=iphoneos*]" = "iPhone Developer";
				COPY_PHASE_STRIP = NO;
				GCC_C_LANGUAGE_STANDARD = gnu99;
				GCC_DYNAMIC_NO_PIC = NO;
				GCC_OPTIMIZATION_LEVEL = 0;
				GCC_PREPROCESSOR_DEFINITIONS = (
					"DEBUG=1",
					"$(inherited)",
				);
				GCC_SYMBOLS_PRIVATE_EXTERN = NO;
				GCC_WARN_64_TO_32_BIT_CONVERSION = YES;
				GCC_WARN_ABOUT_RETURN_TYPE = YES_ERROR;
				GCC_WARN_UNDECLARED_SELECTOR = YES;
				GCC_WARN_UNINITIALIZED_AUTOS = YES;
				GCC_WARN_UNUSED_FUNCTION = YES;
				GCC_WARN_UNUSED_VARIABLE = YES;
				IPHONEOS_DEPLOYMENT_TARGET = 7.0;
				ONLY_ACTIVE_ARCH = YES;
				SDKROOT = iphoneos;
				TARGETED_DEVICE_FAMILY = "1,2";
			};
			name = Debug;
		};
		DA1B27C11894880A00F9EACD /* Release */ = {
			isa = XCBuildConfiguration;
			buildSettings = {
				ALWAYS_SEARCH_USER_PATHS = NO;
				ARCHS = "$(ARCHS_STANDARD_INCLUDING_64_BIT)";
				CLANG_CXX_LANGUAGE_STANDARD = "gnu++0x";
				CLANG_CXX_LIBRARY = "libc++";
				CLANG_ENABLE_MODULES = YES;
				CLANG_ENABLE_OBJC_ARC = YES;
				CLANG_WARN_BOOL_CONVERSION = YES;
				CLANG_WARN_CONSTANT_CONVERSION = YES;
				CLANG_WARN_DIRECT_OBJC_ISA_USAGE = YES_ERROR;
				CLANG_WARN_EMPTY_BODY = YES;
				CLANG_WARN_ENUM_CONVERSION = YES;
				CLANG_WARN_INT_CONVERSION = YES;
				CLANG_WARN_OBJC_ROOT_CLASS = YES_ERROR;
				CLANG_WARN__DUPLICATE_METHOD_MATCH = YES;
				"CODE_SIGN_IDENTITY[sdk=iphoneos*]" = "iPhone Developer";
				COPY_PHASE_STRIP = YES;
				ENABLE_NS_ASSERTIONS = NO;
				GCC_C_LANGUAGE_STANDARD = gnu99;
				GCC_WARN_64_TO_32_BIT_CONVERSION = YES;
				GCC_WARN_ABOUT_RETURN_TYPE = YES_ERROR;
				GCC_WARN_UNDECLARED_SELECTOR = YES;
				GCC_WARN_UNINITIALIZED_AUTOS = YES;
				GCC_WARN_UNUSED_FUNCTION = YES;
				GCC_WARN_UNUSED_VARIABLE = YES;
				IPHONEOS_DEPLOYMENT_TARGET = 7.0;
				SDKROOT = iphoneos;
				TARGETED_DEVICE_FAMILY = "1,2";
				VALIDATE_PRODUCT = YES;
			};
			name = Release;
		};
		DA1B27C31894880A00F9EACD /* Debug */ = {
			isa = XCBuildConfiguration;
			buildSettings = {
				ASSETCATALOG_COMPILER_APPICON_NAME = AppIcon;
				ASSETCATALOG_COMPILER_LAUNCHIMAGE_NAME = LaunchImage;
				CODE_SIGN_IDENTITY = "iPhone Distribution: Anders Nattestad (97Z5KLX4T8)";
				"CODE_SIGN_IDENTITY[sdk=iphoneos*]" = "iPhone Distribution: Anders Nattestad (97Z5KLX4T8)";
				GCC_PRECOMPILE_PREFIX_HEADER = YES;
				GCC_PREFIX_HEADER = "OlinDining/OlinDining-Prefix.pch";
				INFOPLIST_FILE = "OlinDining/OlinDining-Info.plist";
				IPHONEOS_DEPLOYMENT_TARGET = 7.0;
				LIBRARY_SEARCH_PATHS = (
					"$(inherited)",
					"/Users/thomasnat1/Google\\ Drive/side\\ projects/95theses/google\\ analytics",
				);
				PRODUCT_NAME = OlinDining;
				PROVISIONING_PROFILE = "E8622AB9-CF91-4E12-B1AC-B6513E6E9608";
				TARGETED_DEVICE_FAMILY = 1;
				WRAPPER_EXTENSION = app;
			};
			name = Debug;
		};
		DA1B27C41894880A00F9EACD /* Release */ = {
			isa = XCBuildConfiguration;
			buildSettings = {
				ASSETCATALOG_COMPILER_APPICON_NAME = AppIcon;
				ASSETCATALOG_COMPILER_LAUNCHIMAGE_NAME = LaunchImage;
				CODE_SIGN_IDENTITY = "iPhone Distribution: Anders Nattestad (97Z5KLX4T8)";
				"CODE_SIGN_IDENTITY[sdk=iphoneos*]" = "iPhone Distribution: Anders Nattestad (97Z5KLX4T8)";
				GCC_PRECOMPILE_PREFIX_HEADER = YES;
				GCC_PREFIX_HEADER = "OlinDining/OlinDining-Prefix.pch";
				INFOPLIST_FILE = "OlinDining/OlinDining-Info.plist";
				IPHONEOS_DEPLOYMENT_TARGET = 7.0;
				LIBRARY_SEARCH_PATHS = (
					"$(inherited)",
					"/Users/thomasnat1/Google\\ Drive/side\\ projects/95theses/google\\ analytics",
				);
				PRODUCT_NAME = OlinDining;
				PROVISIONING_PROFILE = "E8622AB9-CF91-4E12-B1AC-B6513E6E9608";
				TARGETED_DEVICE_FAMILY = 1;
				WRAPPER_EXTENSION = app;
			};
			name = Release;
		};
		DA1B27C61894880A00F9EACD /* Debug */ = {
			isa = XCBuildConfiguration;
			buildSettings = {
				ARCHS = "$(ARCHS_STANDARD_INCLUDING_64_BIT)";
				BUNDLE_LOADER = "$(BUILT_PRODUCTS_DIR)/OlinDining.app/OlinDining";
				FRAMEWORK_SEARCH_PATHS = (
					"$(SDKROOT)/Developer/Library/Frameworks",
					"$(inherited)",
					"$(DEVELOPER_FRAMEWORKS_DIR)",
				);
				GCC_PRECOMPILE_PREFIX_HEADER = YES;
				GCC_PREFIX_HEADER = "OlinDining/OlinDining-Prefix.pch";
				GCC_PREPROCESSOR_DEFINITIONS = (
					"DEBUG=1",
					"$(inherited)",
				);
				INFOPLIST_FILE = "OlinDiningTests/OlinDiningTests-Info.plist";
				PRODUCT_NAME = "$(TARGET_NAME)";
				TEST_HOST = "$(BUNDLE_LOADER)";
				WRAPPER_EXTENSION = xctest;
			};
			name = Debug;
		};
		DA1B27C71894880A00F9EACD /* Release */ = {
			isa = XCBuildConfiguration;
			buildSettings = {
				ARCHS = "$(ARCHS_STANDARD_INCLUDING_64_BIT)";
				BUNDLE_LOADER = "$(BUILT_PRODUCTS_DIR)/OlinDining.app/OlinDining";
				FRAMEWORK_SEARCH_PATHS = (
					"$(SDKROOT)/Developer/Library/Frameworks",
					"$(inherited)",
					"$(DEVELOPER_FRAMEWORKS_DIR)",
				);
				GCC_PRECOMPILE_PREFIX_HEADER = YES;
				GCC_PREFIX_HEADER = "OlinDining/OlinDining-Prefix.pch";
				INFOPLIST_FILE = "OlinDiningTests/OlinDiningTests-Info.plist";
				PRODUCT_NAME = "$(TARGET_NAME)";
				TEST_HOST = "$(BUNDLE_LOADER)";
				WRAPPER_EXTENSION = xctest;
			};
			name = Release;
		};
/* End XCBuildConfiguration section */

/* Begin XCConfigurationList section */
		DA1B27851894880900F9EACD /* Build configuration list for PBXProject "OlinDining" */ = {
			isa = XCConfigurationList;
			buildConfigurations = (
				DA1B27C01894880A00F9EACD /* Debug */,
				DA1B27C11894880A00F9EACD /* Release */,
			);
			defaultConfigurationIsVisible = 0;
			defaultConfigurationName = Release;
		};
		DA1B27C21894880A00F9EACD /* Build configuration list for PBXNativeTarget "OlinDining" */ = {
			isa = XCConfigurationList;
			buildConfigurations = (
				DA1B27C31894880A00F9EACD /* Debug */,
				DA1B27C41894880A00F9EACD /* Release */,
			);
			defaultConfigurationIsVisible = 0;
			defaultConfigurationName = Release;
		};
		DA1B27C51894880A00F9EACD /* Build configuration list for PBXNativeTarget "OlinDiningTests" */ = {
			isa = XCConfigurationList;
			buildConfigurations = (
				DA1B27C61894880A00F9EACD /* Debug */,
				DA1B27C71894880A00F9EACD /* Release */,
			);
			defaultConfigurationIsVisible = 0;
			defaultConfigurationName = Release;
		};
/* End XCConfigurationList section */
	};
	rootObject = DA1B27821894880900F9EACD /* Project object */;
}
